{
  "name": "dataform-workshop-ff",
  "version": "1.0.0",
  "lockfileVersion": 3,
  "requires": true,
  "packages": {
    "": {
      "name": "dataform-workshop-ff",
      "version": "1.0.0",
      "dependencies": {
        "@dataform/core": "^3.0.0"
      }
    },
    "node_modules/@dataform/core": {
      "version": "3.0.37",
      "resolved": "https://registry.npmjs.org/@dataform/core/-/core-3.0.37.tgz",
      "integrity": "sha512-Bl1HeYp2vYIKbIgEpFh2etHIkvCt56ZFumbVijdDa6AuFG9stkZ5nkz0TQZGXJauwN5suzlXXB5/eX+wI1msnQ==",
      "license": "Apache-2.0"
    }
  }
}
